
Microsoft Visual Studio Solution File, Format Version 12.00
# Visual Studio 2013
VisualStudioVersion = 12.0.21005.1
MinimumVisualStudioVersion = 10.0.40219.1
Project("{FAE04EC0-301F-11D3-BF4B-00C04F79EFBC}") = "car racing game", "car racing game\car racing game.csproj", "{A6CE41CF-535B-4602-9F1C-B222B18F67FA}"
EndProject
Global
	GlobalSection(SolutionConfigurationPlatforms) = preSolution
		Debug|Any CPU = Debug|Any CPU
		Release|Any CPU = Release|Any CPU
	EndGlobalSection
	GlobalSection(ProjectConfigurationPlatforms) = postSolution
		{A6CE41CF-535B-4602-9F1C-B222B18F67FA}.Debug|Any CPU.ActiveCfg = Debug|Any CPU
		{A6CE41CF-535B-4602-9F1C-B222B18F67FA}.Debug|Any CPU.Build.0 = Debug|Any CPU
		{A6CE41CF-535B-4602-9F1C-B222B18F67FA}.Release|Any CPU.ActiveCfg = Release|Any CPU
		{A6CE41CF-535B-4602-9F1C-B222B18F67FA}.Release|Any CPU.Build.0 = Release|Any CPU
	EndGlobalSection
	GlobalSection(SolutionProperties) = preSolution
		HideSolutionNode = FALSE
	EndGlobalSection
EndGlobal
